
Microsoft Visual Studio Solution File, Format Version 12.00
# Visual Studio 2012
Project("{FAE04EC0-301F-11D3-BF4B-00C04F79EFBC}") = "CUI.NET", "CUI.NET\CUI.NET.csproj", "{3031106A-F7E2-4372-B6CB-6FDE11116E0C}"
EndProject
Global
	GlobalSection(SolutionConfigurationPlatforms) = preSolution
		Debug|Any CPU = Debug|Any CPU
		Release|Any CPU = Release|Any CPU
	EndGlobalSection
	GlobalSection(ProjectConfigurationPlatforms) = postSolution
		{3031106A-F7E2-4372-B6CB-6FDE11116E0C}.Debug|Any CPU.ActiveCfg = Debug|Any CPU
		{3031106A-F7E2-4372-B6CB-6FDE11116E0C}.Debug|Any CPU.Build.0 = Debug|Any CPU
		{3031106A-F7E2-4372-B6CB-6FDE11116E0C}.Release|Any CPU.ActiveCfg = Release|Any CPU
		{3031106A-F7E2-4372-B6CB-6FDE11116E0C}.Release|Any CPU.Build.0 = Release|Any CPU
	EndGlobalSection
	GlobalSection(MonoDevelopProperties) = preSolution
		StartupItem = CUI.NET\CUI.NET.csproj
	EndGlobalSection
EndGlobal
